// !$*UTF8*$!
{
	archiveVersion = 1;
	classes = {
	};
	objectVersion = 50;
	objects = {

/* Begin PBXBuildFile section */
		6F1FF46721E6E55700D86075 /* AppDelegate.swift in Sources */ = {isa = PBXBuildFile; fileRef = 6F1FF46621E6E55700D86075 /* AppDelegate.swift */; };
		6F1FF46921E6E55700D86075 /* ViewController.swift in Sources */ = {isa = PBXBuildFile; fileRef = 6F1FF46821E6E55700D86075 /* ViewController.swift */; };
		6F1FF46C21E6E55700D86075 /* Main.storyboard in Resources */ = {isa = PBXBuildFile; fileRef = 6F1FF46A21E6E55700D86075 /* Main.storyboard */; };
		6F1FF46E21E6E55700D86075 /* Assets.xcassets in Resources */ = {isa = PBXBuildFile; fileRef = 6F1FF46D21E6E55700D86075 /* Assets.xcassets */; };
		6F1FF47121E6E55700D86075 /* LaunchScreen.storyboard in Resources */ = {isa = PBXBuildFile; fileRef = 6F1FF46F21E6E55700D86075 /* LaunchScreen.storyboard */; };
		6F1FF47C21E6E55700D86075 /* selectmultiplebuttonsTests.swift in Sources */ = {isa = PBXBuildFile; fileRef = 6F1FF47B21E6E55700D86075 /* selectmultiplebuttonsTests.swift */; };
		6F1FF48721E6E55700D86075 /* selectmultiplebuttonsUITests.swift in Sources */ = {isa = PBXBuildFile; fileRef = 6F1FF48621E6E55700D86075 /* selectmultiplebuttonsUITests.swift */; };
		6F1FF4A921E6E9F400D86075 /* ExtensionUIButton.swift in Sources */ = {isa = PBXBuildFile; fileRef = 6F1FF4A721E6E9F400D86075 /* ExtensionUIButton.swift */; };
		6F1FF4AA21E6E9F400D86075 /* SelectMultipleButtons.swift in Sources */ = {isa = PBXBuildFile; fileRef = 6F1FF4A821E6E9F400D86075 /* SelectMultipleButtons.swift */; };
/* End PBXBuildFile section */

/* Begin PBXContainerItemProxy section */
		6F1FF47821E6E55700D86075 /* PBXContainerItemProxy */ = {
			isa = PBXContainerItemProxy;
			containerPortal = 6F1FF45B21E6E55700D86075 /* Project object */;
			proxyType = 1;
			remoteGlobalIDString = 6F1FF46221E6E55700D86075;
			remoteInfo = selectmultiplebuttons;
		};
		6F1FF48321E6E55700D86075 /* PBXContainerItemProxy */ = {
			isa = PBXContainerItemProxy;
			containerPortal = 6F1FF45B21E6E55700D86075 /* Project object */;
			proxyType = 1;
			remoteGlobalIDString = 6F1FF46221E6E55700D86075;
			remoteInfo = selectmultiplebuttons;
		};
/* End PBXContainerItemProxy section */

/* Begin PBXFileReference section */
		6F1FF46321E6E55700D86075 /* selectmultiplebuttons.app */ = {isa = PBXFileReference; explicitFileType = wrapper.application; includeInIndex = 0; path = selectmultiplebuttons.app; sourceTree = BUILT_PRODUCTS_DIR; };
		6F1FF46621E6E55700D86075 /* AppDelegate.swift */ = {isa = PBXFileReference; lastKnownFileType = sourcecode.swift; path = AppDelegate.swift; sourceTree = "<group>"; };
		6F1FF46821E6E55700D86075 /* ViewController.swift */ = {isa = PBXFileReference; lastKnownFileType = sourcecode.swift; path = ViewController.swift; sourceTree = "<group>"; };
		6F1FF46B21E6E55700D86075 /* Base */ = {isa = PBXFileReference; lastKnownFileType = file.storyboard; name = Base; path = Base.lproj/Main.storyboard; sourceTree = "<group>"; };
		6F1FF46D21E6E55700D86075 /* Assets.xcassets */ = {isa = PBXFileReference; lastKnownFileType = folder.assetcatalog; path = Assets.xcassets; sourceTree = "<group>"; };
		6F1FF47021E6E55700D86075 /* Base */ = {isa = PBXFileReference; lastKnownFileType = file.storyboard; name = Base; path = Base.lproj/LaunchScreen.storyboard; sourceTree = "<group>"; };
		6F1FF47221E6E55700D86075 /* Info.plist */ = {isa = PBXFileReference; lastKnownFileType = text.plist.xml; path = Info.plist; sourceTree = "<group>"; };
		6F1FF47721E6E55700D86075 /* selectmultiplebuttonsTests.xctest */ = {isa = PBXFileReference; explicitFileType = wrapper.cfbundle; includeInIndex = 0; path = selectmultiplebuttonsTests.xctest; sourceTree = BUILT_PRODUCTS_DIR; };
		6F1FF47B21E6E55700D86075 /* selectmultiplebuttonsTests.swift */ = {isa = PBXFileReference; lastKnownFileType = sourcecode.swift; path = selectmultiplebuttonsTests.swift; sourceTree = "<group>"; };
		6F1FF47D21E6E55700D86075 /* Info.plist */ = {isa = PBXFileReference; lastKnownFileType = text.plist.xml; path = Info.plist; sourceTree = "<group>"; };
		6F1FF48221E6E55700D86075 /* selectmultiplebuttonsUITests.xctest */ = {isa = PBXFileReference; explicitFileType = wrapper.cfbundle; includeInIndex = 0; path = selectmultiplebuttonsUITests.xctest; sourceTree = BUILT_PRODUCTS_DIR; };
		6F1FF48621E6E55700D86075 /* selectmultiplebuttonsUITests.swift */ = {isa = PBXFileReference; lastKnownFileType = sourcecode.swift; path = selectmultiplebuttonsUITests.swift; sourceTree = "<group>"; };
		6F1FF48821E6E55700D86075 /* Info.plist */ = {isa = PBXFileReference; lastKnownFileType = text.plist.xml; path = Info.plist; sourceTree = "<group>"; };
		6F1FF4A721E6E9F400D86075 /* ExtensionUIButton.swift */ = {isa = PBXFileReference; fileEncoding = 4; lastKnownFileType = sourcecode.swift; path = ExtensionUIButton.swift; sourceTree = "<group>"; };
		6F1FF4A821E6E9F400D86075 /* SelectMultipleButtons.swift */ = {isa = PBXFileReference; fileEncoding = 4; lastKnownFileType = sourcecode.swift; path = SelectMultipleButtons.swift; sourceTree = "<group>"; };
/* End PBXFileReference section */

/* Begin PBXFrameworksBuildPhase section */
		6F1FF46021E6E55700D86075 /* Frameworks */ = {
			isa = PBXFrameworksBuildPhase;
			buildActionMask = 2147483647;
			files = (
			);
			runOnlyForDeploymentPostprocessing = 0;
		};
		6F1FF47421E6E55700D86075 /* Frameworks */ = {
			isa = PBXFrameworksBuildPhase;
			buildActionMask = 2147483647;
			files = (
			);
			runOnlyForDeploymentPostprocessing = 0;
		};
		6F1FF47F21E6E55700D86075 /* Frameworks */ = {
			isa = PBXFrameworksBuildPhase;
			buildActionMask = 2147483647;
			files = (
			);
			runOnlyForDeploymentPostprocessing = 0;
		};
/* End PBXFrameworksBuildPhase section */

/* Begin PBXGroup section */
		6F1FF45A21E6E55700D86075 = {
			isa = PBXGroup;
			children = (
				6F1FF46521E6E55700D86075 /* selectmultiplebuttons */,
				6F1FF47A21E6E55700D86075 /* selectmultiplebuttonsTests */,
				6F1FF48521E6E55700D86075 /* selectmultiplebuttonsUITests */,
				6F1FF46421E6E55700D86075 /* Products */,
			);
			sourceTree = "<group>";
		};
		6F1FF46421E6E55700D86075 /* Products */ = {
			isa = PBXGroup;
			children = (
				6F1FF46321E6E55700D86075 /* selectmultiplebuttons.app */,
				6F1FF47721E6E55700D86075 /* selectmultiplebuttonsTests.xctest */,
				6F1FF48221E6E55700D86075 /* selectmultiplebuttonsUITests.xctest */,
			);
			name = Products;
			sourceTree = "<group>";
		};
		6F1FF46521E6E55700D86075 /* selectmultiplebuttons */ = {
			isa = PBXGroup;
			children = (
				6F1FF4A721E6E9F400D86075 /* ExtensionUIButton.swift */,
				6F1FF4A821E6E9F400D86075 /* SelectMultipleButtons.swift */,
				6F1FF46621E6E55700D86075 /* AppDelegate.swift */,
				6F1FF46821E6E55700D86075 /* ViewController.swift */,
				6F1FF46A21E6E55700D86075 /* Main.storyboard */,
				6F1FF46D21E6E55700D86075 /* Assets.xcassets */,
				6F1FF46F21E6E55700D86075 /* LaunchScreen.storyboard */,
				6F1FF47221E6E55700D86075 /* Info.plist */,
			);
			path = selectmultiplebuttons;
			sourceTree = "<group>";
		};
		6F1FF47A21E6E55700D86075 /* selectmultiplebuttonsTests */ = {
			isa = PBXGroup;
			children = (
				6F1FF47B21E6E55700D86075 /* selectmultiplebuttonsTests.swift */,
				6F1FF47D21E6E55700D86075 /* Info.plist */,
			);
			path = selectmultiplebuttonsTests;
			sourceTree = "<group>";
		};
		6F1FF48521E6E55700D86075 /* selectmultiplebuttonsUITests */ = {
			isa = PBXGroup;
			children = (
				6F1FF48621E6E55700D86075 /* selectmultiplebuttonsUITests.swift */,
				6F1FF48821E6E55700D86075 /* Info.plist */,
			);
			path = selectmultiplebuttonsUITests;
			sourceTree = "<group>";
		};
/* End PBXGroup section */

/* Begin PBXNativeTarget section */
		6F1FF46221E6E55700D86075 /* selectmultiplebuttons */ = {
			isa = PBXNativeTarget;
			buildConfigurationList = 6F1FF48B21E6E55700D86075 /* Build configuration list for PBXNativeTarget "selectmultiplebuttons" */;
			buildPhases = (
				6F1FF45F21E6E55700D86075 /* Sources */,
				6F1FF46021E6E55700D86075 /* Frameworks */,
				6F1FF46121E6E55700D86075 /* Resources */,
			);
			buildRules = (
			);
			dependencies = (
			);
			name = selectmultiplebuttons;
			productName = selectmultiplebuttons;
			productReference = 6F1FF46321E6E55700D86075 /* selectmultiplebuttons.app */;
			productType = "com.apple.product-type.application";
		};
		6F1FF47621E6E55700D86075 /* selectmultiplebuttonsTests */ = {
			isa = PBXNativeTarget;
			buildConfigurationList = 6F1FF48E21E6E55700D86075 /* Build configuration list for PBXNativeTarget "selectmultiplebuttonsTests" */;
			buildPhases = (
				6F1FF47321E6E55700D86075 /* Sources */,
				6F1FF47421E6E55700D86075 /* Frameworks */,
				6F1FF47521E6E55700D86075 /* Resources */,
			);
			buildRules = (
			);
			dependencies = (
				6F1FF47921E6E55700D86075 /* PBXTargetDependency */,
			);
			name = selectmultiplebuttonsTests;
			productName = selectmultiplebuttonsTests;
			productReference = 6F1FF47721E6E55700D86075 /* selectmultiplebuttonsTests.xctest */;
			productType = "com.apple.product-type.bundle.unit-test";
		};
		6F1FF48121E6E55700D86075 /* selectmultiplebuttonsUITests */ = {
			isa = PBXNativeTarget;
			buildConfigurationList = 6F1FF49121E6E55700D86075 /* Build configuration list for PBXNativeTarget "selectmultiplebuttonsUITests" */;
			buildPhases = (
				6F1FF47E21E6E55700D86075 /* Sources */,
				6F1FF47F21E6E55700D86075 /* Frameworks */,
				6F1FF48021E6E55700D86075 /* Resources */,
			);
			buildRules = (
			);
			dependencies = (
				6F1FF48421E6E55700D86075 /* PBXTargetDependency */,
			);
			name = selectmultiplebuttonsUITests;
			productName = selectmultiplebuttonsUITests;
			productReference = 6F1FF48221E6E55700D86075 /* selectmultiplebuttonsUITests.xctest */;
			productType = "com.apple.product-type.bundle.ui-testing";
		};
/* End PBXNativeTarget section */

/* Begin PBXProject section */
		6F1FF45B21E6E55700D86075 /* Project object */ = {
			isa = PBXProject;
			attributes = {
				LastSwiftUpdateCheck = 1010;
				LastUpgradeCheck = 1010;
				ORGANIZATIONNAME = young;
				TargetAttributes = {
					6F1FF46221E6E55700D86075 = {
						CreatedOnToolsVersion = 10.1;
					};
					6F1FF47621E6E55700D86075 = {
						CreatedOnToolsVersion = 10.1;
						TestTargetID = 6F1FF46221E6E55700D86075;
					};
					6F1FF48121E6E55700D86075 = {
						CreatedOnToolsVersion = 10.1;
						TestTargetID = 6F1FF46221E6E55700D86075;
					};
				};
			};
			buildConfigurationList = 6F1FF45E21E6E55700D86075 /* Build configuration list for PBXProject "selectmultiplebuttons" */;
			compatibilityVersion = "Xcode 9.3";
			developmentRegion = en;
			hasScannedForEncodings = 0;
			knownRegions = (
				en,
				Base,
			);
			mainGroup = 6F1FF45A21E6E55700D86075;
			productRefGroup = 6F1FF46421E6E55700D86075 /* Products */;
			projectDirPath = "";
			projectRoot = "";
			targets = (
				6F1FF46221E6E55700D86075 /* selectmultiplebuttons */,
				6F1FF47621E6E55700D86075 /* selectmultiplebuttonsTests */,
				6F1FF48121E6E55700D86075 /* selectmultiplebuttonsUITests */,
			);
		};
/* End PBXProject section */

/* Begin PBXResourcesBuildPhase section */
		6F1FF46121E6E55700D86075 /* Resources */ = {
			isa = PBXResourcesBuildPhase;
			buildActionMask = 2147483647;
			files = (
				6F1FF47121E6E55700D86075 /* LaunchScreen.storyboard in Resources */,
				6F1FF46E21E6E55700D86075 /* Assets.xcassets in Resources */,
				6F1FF46C21E6E55700D86075 /* Main.storyboard in Resources */,
			);
			runOnlyForDeploymentPostprocessing = 0;
		};
		6F1FF47521E6E55700D86075 /* Resources */ = {
			isa = PBXResourcesBuildPhase;
			buildActionMask = 2147483647;
			files = (
			);
			runOnlyForDeploymentPostprocessing = 0;
		};
		6F1FF48021E6E55700D86075 /* Resources */ = {
			isa = PBXResourcesBuildPhase;
			buildActionMask = 2147483647;
			files = (
			);
			runOnlyForDeploymentPostprocessing = 0;
		};
/* End PBXResourcesBuildPhase section */

/* Begin PBXSourcesBuildPhase section */
		6F1FF45F21E6E55700D86075 /* Sources */ = {
			isa = PBXSourcesBuildPhase;
			buildActionMask = 2147483647;
			files = (
				6F1FF46921E6E55700D86075 /* ViewController.swift in Sources */,
				6F1FF4AA21E6E9F400D86075 /* SelectMultipleButtons.swift in Sources */,
				6F1FF46721E6E55700D86075 /* AppDelegate.swift in Sources */,
				6F1FF4A921E6E9F400D86075 /* ExtensionUIButton.swift in Sources */,
			);
			runOnlyForDeploymentPostprocessing = 0;
		};
		6F1FF47321E6E55700D86075 /* Sources */ = {
			isa = PBXSourcesBuildPhase;
			buildActionMask = 2147483647;
			files = (
				6F1FF47C21E6E55700D86075 /* selectmultiplebuttonsTests.swift in Sources */,
			);
			runOnlyForDeploymentPostprocessing = 0;
		};
		6F1FF47E21E6E55700D86075 /* Sources */ = {
			isa = PBXSourcesBuildPhase;
			buildActionMask = 2147483647;
			files = (
				6F1FF48721E6E55700D86075 /* selectmultiplebuttonsUITests.swift in Sources */,
			);
			runOnlyForDeploymentPostprocessing = 0;
		};
/* End PBXSourcesBuildPhase section */

/* Begin PBXTargetDependency section */
		6F1FF47921E6E55700D86075 /* PBXTargetDependency */ = {
			isa = PBXTargetDependency;
			target = 6F1FF46221E6E55700D86075 /* selectmultiplebuttons */;
			targetProxy = 6F1FF47821E6E55700D86075 /* PBXContainerItemProxy */;
		};
		6F1FF48421E6E55700D86075 /* PBXTargetDependency */ = {
			isa = PBXTargetDependency;
			target = 6F1FF46221E6E55700D86075 /* selectmultiplebuttons */;
			targetProxy = 6F1FF48321E6E55700D86075 /* PBXContainerItemProxy */;
		};
/* End PBXTargetDependency section */

/* Begin PBXVariantGroup section */
		6F1FF46A21E6E55700D86075 /* Main.storyboard */ = {
			isa = PBXVariantGroup;
			children = (
				6F1FF46B21E6E55700D86075 /* Base */,
			);
			name = Main.storyboard;
			sourceTree = "<group>";
		};
		6F1FF46F21E6E55700D86075 /* LaunchScreen.storyboard */ = {
			isa = PBXVariantGroup;
			children = (
				6F1FF47021E6E55700D86075 /* Base */,
			);
			name = LaunchScreen.storyboard;
			sourceTree = "<group>";
		};
/* End PBXVariantGroup section */

/* Begin XCBuildConfiguration section */
		6F1FF48921E6E55700D86075 /* Debug */ = {
			isa = XCBuildConfiguration;
			buildSettings = {
				ALWAYS_SEARCH_USER_PATHS = NO;
				CLANG_ANALYZER_NONNULL = YES;
				CLANG_ANALYZER_NUMBER_OBJECT_CONVERSION = YES_AGGRESSIVE;
				CLANG_CXX_LANGUAGE_STANDARD = "gnu++14";
				CLANG_CXX_LIBRARY = "libc++";
				CLANG_ENABLE_MODULES = YES;
				CLANG_ENABLE_OBJC_ARC = YES;
				CLANG_ENABLE_OBJC_WEAK = YES;
				CLANG_WARN_BLOCK_CAPTURE_AUTORELEASING = YES;
				CLANG_WARN_BOOL_CONVERSION = YES;
				CLANG_WARN_COMMA = YES;
				CLANG_WARN_CONSTANT_CONVERSION = YES;
				CLANG_WARN_DEPRECATED_OBJC_IMPLEMENTATIONS = YES;
				CLANG_WARN_DIRECT_OBJC_ISA_USAGE = YES_ERROR;
				CLANG_WARN_DOCUMENTATION_COMMENTS = YES;
				CLANG_WARN_EMPTY_BODY = YES;
				CLANG_WARN_ENUM_CONVERSION = YES;
				CLANG_WARN_INFINITE_RECURSION = YES;
				CLANG_WARN_INT_CONVERSION = YES;
				CLANG_WARN_NON_LITERAL_NULL_CONVERSION = YES;
				CLANG_WARN_OBJC_IMPLICIT_RETAIN_SELF = YES;
				CLANG_WARN_OBJC_LITERAL_CONVERSION = YES;
				CLANG_WARN_OBJC_ROOT_CLASS = YES_ERROR;
				CLANG_WARN_RANGE_LOOP_ANALYSIS = YES;
				CLANG_WARN_STRICT_PROTOTYPES = YES;
				CLANG_WARN_SUSPICIOUS_MOVE = YES;
				CLANG_WARN_UNGUARDED_AVAILABILITY = YES_AGGRESSIVE;
				CLANG_WARN_UNREACHABLE_CODE = YES;
				CLANG_WARN__DUPLICATE_METHOD_MATCH = YES;
				CODE_SIGN_IDENTITY = "iPhone Developer";
				COPY_PHASE_STRIP = NO;
				DEBUG_INFORMATION_FORMAT = dwarf;
				ENABLE_STRICT_OBJC_MSGSEND = YES;
				ENABLE_TESTABILITY = YES;
				GCC_C_LANGUAGE_STANDARD = gnu11;
				GCC_DYNAMIC_NO_PIC = NO;
				GCC_NO_COMMON_BLOCKS = YES;
				GCC_OPTIMIZATION_LEVEL = 0;
				GCC_PREPROCESSOR_DEFINITIONS = (
					"DEBUG=1",
					"$(inherited)",
				);
				GCC_WARN_64_TO_32_BIT_CONVERSION = YES;
				GCC_WARN_ABOUT_RETURN_TYPE = YES_ERROR;
				GCC_WARN_UNDECLARED_SELECTOR = YES;
				GCC_WARN_UNINITIALIZED_AUTOS = YES_AGGRESSIVE;
				GCC_WARN_UNUSED_FUNCTION = YES;
				GCC_WARN_UNUSED_VARIABLE = YES;
				IPHONEOS_DEPLOYMENT_TARGET = 12.1;
				MTL_ENABLE_DEBUG_INFO = INCLUDE_SOURCE;
				MTL_FAST_MATH = YES;
				ONLY_ACTIVE_ARCH = YES;
				SDKROOT = iphoneos;
				SWIFT_ACTIVE_COMPILATION_CONDITIONS = DEBUG;
				SWIFT_OPTIMIZATION_LEVEL = "-Onone";
			};
			name = Debug;
		};
		6F1FF48A21E6E55700D86075 /* Release */ = {
			isa = XCBuildConfiguration;
			buildSettings = {
				ALWAYS_SEARCH_USER_PATHS = NO;
				CLANG_ANALYZER_NONNULL = YES;
				CLANG_ANALYZER_NUMBER_OBJECT_CONVERSION = YES_AGGRESSIVE;
				CLANG_CXX_LANGUAGE_STANDARD = "gnu++14";
				CLANG_CXX_LIBRARY = "libc++";
				CLANG_ENABLE_MODULES = YES;
				CLANG_ENABLE_OBJC_ARC = YES;
				CLANG_ENABLE_OBJC_WEAK = YES;
				CLANG_WARN_BLOCK_CAPTURE_AUTORELEASING = YES;
				CLANG_WARN_BOOL_CONVERSION = YES;
				CLANG_WARN_COMMA = YES;
				CLANG_WARN_CONSTANT_CONVERSION = YES;
				CLANG_WARN_DEPRECATED_OBJC_IMPLEMENTATIONS = YES;
				CLANG_WARN_DIRECT_OBJC_ISA_USAGE = YES_ERROR;
				CLANG_WARN_DOCUMENTATION_COMMENTS = YES;
				CLANG_WARN_EMPTY_BODY = YES;
				CLANG_WARN_ENUM_CONVERSION = YES;
				CLANG_WARN_INFINITE_RECURSION = YES;
				CLANG_WARN_INT_CONVERSION = YES;
				CLANG_WARN_NON_LITERAL_NULL_CONVERSION = YES;
				CLANG_WARN_OBJC_IMPLICIT_RETAIN_SELF = YES;
				CLANG_WARN_OBJC_LITERAL_CONVERSION = YES;
				CLANG_WARN_OBJC_ROOT_CLASS = YES_ERROR;
				CLANG_WARN_RANGE_LOOP_ANALYSIS = YES;
				CLANG_WARN_STRICT_PROTOTYPES = YES;
				CLANG_WARN_SUSPICIOUS_MOVE = YES;
				CLANG_WARN_UNGUARDED_AVAILABILITY = YES_AGGRESSIVE;
				CLANG_WARN_UNREACHABLE_CODE = YES;
				CLANG_WARN__DUPLICATE_METHOD_MATCH = YES;
				CODE_SIGN_IDENTITY = "iPhone Developer";
				COPY_PHASE_STRIP = NO;
				DEBUG_INFORMATION_FORMAT = "dwarf-with-dsym";
				ENABLE_NS_ASSERTIONS = NO;
				ENABLE_STRICT_OBJC_MSGSEND = YES;
				GCC_C_LANGUAGE_STANDARD = gnu11;
				GCC_NO_COMMON_BLOCKS = YES;
				GCC_WARN_64_TO_32_BIT_CONVERSION = YES;
				GCC_WARN_ABOUT_RETURN_TYPE = YES_ERROR;
				GCC_WARN_UNDECLARED_SELECTOR = YES;
				GCC_WARN_UNINITIALIZED_AUTOS = YES_AGGRESSIVE;
				GCC_WARN_UNUSED_FUNCTION = YES;
				GCC_WARN_UNUSED_VARIABLE = YES;
				IPHONEOS_DEPLOYMENT_TARGET = 12.1;
				MTL_ENABLE_DEBUG_INFO = NO;
				MTL_FAST_MATH = YES;
				SDKROOT = iphoneos;
				SWIFT_COMPILATION_MODE = wholemodule;
				SWIFT_OPTIMIZATION_LEVEL = "-O";
				VALIDATE_PRODUCT = YES;
			};
			name = Release;
		};
		6F1FF48C21E6E55700D86075 /* Debug */ = {
			isa = XCBuildConfiguration;
			buildSettings = {
				ASSETCATALOG_COMPILER_APPICON_NAME = AppIcon;
				CODE_SIGN_STYLE = Automatic;
				DEVELOPMENT_TEAM = S2967W4UUP;
				INFOPLIST_FILE = selectmultiplebuttons/Info.plist;
				LD_RUNPATH_SEARCH_PATHS = (
					"$(inherited)",
					"@executable_path/Frameworks",
				);
				PRODUCT_BUNDLE_IDENTIFIER = com.young.selectedmultiplebuttons;
				PRODUCT_NAME = "$(TARGET_NAME)";
				SWIFT_VERSION = 4.2;
				TARGETED_DEVICE_FAMILY = "1,2";
			};
			name = Debug;
		};
		6F1FF48D21E6E55700D86075 /* Release */ = {
			isa = XCBuildConfiguration;
			buildSettings = {
				ASSETCATALOG_COMPILER_APPICON_NAME = AppIcon;
				CODE_SIGN_STYLE = Automatic;
				DEVELOPMENT_TEAM = S2967W4UUP;
				INFOPLIST_FILE = selectmultiplebuttons/Info.plist;
				LD_RUNPATH_SEARCH_PATHS = (
					"$(inherited)",
					"@executable_path/Frameworks",
				);
				PRODUCT_BUNDLE_IDENTIFIER = com.young.selectedmultiplebuttons;
				PRODUCT_NAME = "$(TARGET_NAME)";
				SWIFT_VERSION = 4.2;
				TARGETED_DEVICE_FAMILY = "1,2";
			};
			name = Release;
		};
		6F1FF48F21E6E55700D86075 /* Debug */ = {
			isa = XCBuildConfiguration;
			buildSettings = {
				ALWAYS_EMBED_SWIFT_STANDARD_LIBRARIES = YES;
				BUNDLE_LOADER = "$(TEST_HOST)";
				CODE_SIGN_STYLE = Automatic;
				DEVELOPMENT_TEAM = S2967W4UUP;
				INFOPLIST_FILE = selectmultiplebuttonsTests/Info.plist;
				LD_RUNPATH_SEARCH_PATHS = (
					"$(inherited)",
					"@executable_path/Frameworks",
					"@loader_path/Frameworks",
				);
				PRODUCT_BUNDLE_IDENTIFIER = com.young.selectmultiplebuttonsTests;
				PRODUCT_NAME = "$(TARGET_NAME)";
				SWIFT_VERSION = 4.2;
				TARGETED_DEVICE_FAMILY = "1,2";
				TEST_HOST = "$(BUILT_PRODUCTS_DIR)/selectmultiplebuttons.app/selectmultiplebuttons";
			};
			name = Debug;
		};
		6F1FF49021E6E55700D86075 /* Release */ = {
			isa = XCBuildConfiguration;
			buildSettings = {
				ALWAYS_EMBED_SWIFT_STANDARD_LIBRARIES = YES;
				BUNDLE_LOADER = "$(TEST_HOST)";
				CODE_SIGN_STYLE = Automatic;
				DEVELOPMENT_TEAM = S2967W4UUP;
				INFOPLIST_FILE = selectmultiplebuttonsTests/Info.plist;
				LD_RUNPATH_SEARCH_PATHS = (
					"$(inherited)",
					"@executable_path/Frameworks",
					"@loader_path/Frameworks",
				);
				PRODUCT_BUNDLE_IDENTIFIER = com.young.selectmultiplebuttonsTests;
				PRODUCT_NAME = "$(TARGET_NAME)";
				SWIFT_VERSION = 4.2;
				TARGETED_DEVICE_FAMILY = "1,2";
				TEST_HOST = "$(BUILT_PRODUCTS_DIR)/selectmultiplebuttons.app/selectmultiplebuttons";
			};
			name = Release;
		};
		6F1FF49221E6E55700D86075 /* Debug */ = {
			isa = XCBuildConfiguration;
			buildSettings = {
				ALWAYS_EMBED_SWIFT_STANDARD_LIBRARIES = YES;
				CODE_SIGN_STYLE = Automatic;
				DEVELOPMENT_TEAM = S2967W4UUP;
				INFOPLIST_FILE = selectmultiplebuttonsUITests/Info.plist;
				LD_RUNPATH_SEARCH_PATHS = (
					"$(inherited)",
					"@executable_path/Frameworks",
					"@loader_path/Frameworks",
				);
				PRODUCT_BUNDLE_IDENTIFIER = com.young.selectmultiplebuttonsUITests;
				PRODUCT_NAME = "$(TARGET_NAME)";
				SWIFT_VERSION = 4.2;
				TARGETED_DEVICE_FAMILY = "1,2";
				TEST_TARGET_NAME = selectmultiplebuttons;
			};
			name = Debug;
		};
		6F1FF49321E6E55700D86075 /* Release */ = {
			isa = XCBuildConfiguration;
			buildSettings = {
				ALWAYS_EMBED_SWIFT_STANDARD_LIBRARIES = YES;
				CODE_SIGN_STYLE = Automatic;
				DEVELOPMENT_TEAM = S2967W4UUP;
				INFOPLIST_FILE = selectmultiplebuttonsUITests/Info.plist;
				LD_RUNPATH_SEARCH_PATHS = (
					"$(inherited)",
					"@executable_path/Frameworks",
					"@loader_path/Frameworks",
				);
				PRODUCT_BUNDLE_IDENTIFIER = com.young.selectmultiplebuttonsUITests;
				PRODUCT_NAME = "$(TARGET_NAME)";
				SWIFT_VERSION = 4.2;
				TARGETED_DEVICE_FAMILY = "1,2";
				TEST_TARGET_NAME = selectmultiplebuttons;
			};
			name = Release;
		};
/* End XCBuildConfiguration section */

/* Begin XCConfigurationList section */
		6F1FF45E21E6E55700D86075 /* Build configuration list for PBXProject "selectmultiplebuttons" */ = {
			isa = XCConfigurationList;
			buildConfigurations = (
				6F1FF48921E6E55700D86075 /* Debug */,
				6F1FF48A21E6E55700D86075 /* Release */,
			);
			defaultConfigurationIsVisible = 0;
			defaultConfigurationName = Release;
		};
		6F1FF48B21E6E55700D86075 /* Build configuration list for PBXNativeTarget "selectmultiplebuttons" */ = {
			isa = XCConfigurationList;
			buildConfigurations = (
				6F1FF48C21E6E55700D86075 /* Debug */,
				6F1FF48D21E6E55700D86075 /* Release */,
			);
			defaultConfigurationIsVisible = 0;
			defaultConfigurationName = Release;
		};
		6F1FF48E21E6E55700D86075 /* Build configuration list for PBXNativeTarget "selectmultiplebuttonsTests" */ = {
			isa = XCConfigurationList;
			buildConfigurations = (
				6F1FF48F21E6E55700D86075 /* Debug */,
				6F1FF49021E6E55700D86075 /* Release */,
			);
			defaultConfigurationIsVisible = 0;
			defaultConfigurationName = Release;
		};
		6F1FF49121E6E55700D86075 /* Build configuration list for PBXNativeTarget "selectmultiplebuttonsUITests" */ = {
			isa = XCConfigurationList;
			buildConfigurations = (
				6F1FF49221E6E55700D86075 /* Debug */,
				6F1FF49321E6E55700D86075 /* Release */,
			);
			defaultConfigurationIsVisible = 0;
			defaultConfigurationName = Release;
		};
/* End XCConfigurationList section */
	};
	rootObject = 6F1FF45B21E6E55700D86075 /* Project object */;
}
